
Microsoft Visual Studio Solution File, Format Version 12.00
# Visual Studio Version 17
VisualStudioVersion = 17.0.31903.59
MinimumVisualStudioVersion = 10.0.40219.1
Project("{FAE04EC0-301F-11D3-BF4B-00C04F79EFBC}") = "API", "API\API.csproj", "{384591E4-CDD0-4841-B460-B97A60AA9A58}"
EndProject
Project("{FAE04EC0-301F-11D3-BF4B-00C04F79EFBC}") = "Application", "Application\Application.csproj", "{655F5E55-BB34-4F9E-BA22-3B4735F2582C}"
EndProject
Project("{FAE04EC0-301F-11D3-BF4B-00C04F79EFBC}") = "Domain", "Domain\Domain.csproj", "{D5BB22D0-2025-4BB7-995B-A54A8C20F9BA}"
EndProject
Project("{FAE04EC0-301F-11D3-BF4B-00C04F79EFBC}") = "Persistence", "Persistence\Persistence.csproj", "{C45CBDDF-6113-4807-87BE-A83A7E9C828D}"
EndProject
Global
	GlobalSection(SolutionConfigurationPlatforms) = preSolution
		Debug|Any CPU = Debug|Any CPU
		Debug|x64 = Debug|x64
		Debug|x86 = Debug|x86
		Release|Any CPU = Release|Any CPU
		Release|x64 = Release|x64
		Release|x86 = Release|x86
	EndGlobalSection
	GlobalSection(ProjectConfigurationPlatforms) = postSolution
		{384591E4-CDD0-4841-B460-B97A60AA9A58}.Debug|Any CPU.ActiveCfg = Debug|Any CPU
		{384591E4-CDD0-4841-B460-B97A60AA9A58}.Debug|Any CPU.Build.0 = Debug|Any CPU
		{384591E4-CDD0-4841-B460-B97A60AA9A58}.Debug|x64.ActiveCfg = Debug|Any CPU
		{384591E4-CDD0-4841-B460-B97A60AA9A58}.Debug|x64.Build.0 = Debug|Any CPU
		{384591E4-CDD0-4841-B460-B97A60AA9A58}.Debug|x86.ActiveCfg = Debug|Any CPU
		{384591E4-CDD0-4841-B460-B97A60AA9A58}.Debug|x86.Build.0 = Debug|Any CPU
		{384591E4-CDD0-4841-B460-B97A60AA9A58}.Release|Any CPU.ActiveCfg = Release|Any CPU
		{384591E4-CDD0-4841-B460-B97A60AA9A58}.Release|Any CPU.Build.0 = Release|Any CPU
		{384591E4-CDD0-4841-B460-B97A60AA9A58}.Release|x64.ActiveCfg = Release|Any CPU
		{384591E4-CDD0-4841-B460-B97A60AA9A58}.Release|x64.Build.0 = Release|Any CPU
		{384591E4-CDD0-4841-B460-B97A60AA9A58}.Release|x86.ActiveCfg = Release|Any CPU
		{384591E4-CDD0-4841-B460-B97A60AA9A58}.Release|x86.Build.0 = Release|Any CPU
		{655F5E55-BB34-4F9E-BA22-3B4735F2582C}.Debug|Any CPU.ActiveCfg = Debug|Any CPU
		{655F5E55-BB34-4F9E-BA22-3B4735F2582C}.Debug|Any CPU.Build.0 = Debug|Any CPU
		{655F5E55-BB34-4F9E-BA22-3B4735F2582C}.Debug|x64.ActiveCfg = Debug|Any CPU
		{655F5E55-BB34-4F9E-BA22-3B4735F2582C}.Debug|x64.Build.0 = Debug|Any CPU
		{655F5E55-BB34-4F9E-BA22-3B4735F2582C}.Debug|x86.ActiveCfg = Debug|Any CPU
		{655F5E55-BB34-4F9E-BA22-3B4735F2582C}.Debug|x86.Build.0 = Debug|Any CPU
		{655F5E55-BB34-4F9E-BA22-3B4735F2582C}.Release|Any CPU.ActiveCfg = Release|Any CPU
		{655F5E55-BB34-4F9E-BA22-3B4735F2582C}.Release|Any CPU.Build.0 = Release|Any CPU
		{655F5E55-BB34-4F9E-BA22-3B4735F2582C}.Release|x64.ActiveCfg = Release|Any CPU
		{655F5E55-BB34-4F9E-BA22-3B4735F2582C}.Release|x64.Build.0 = Release|Any CPU
		{655F5E55-BB34-4F9E-BA22-3B4735F2582C}.Release|x86.ActiveCfg = Release|Any CPU
		{655F5E55-BB34-4F9E-BA22-3B4735F2582C}.Release|x86.Build.0 = Release|Any CPU
		{D5BB22D0-2025-4BB7-995B-A54A8C20F9BA}.Debug|Any CPU.ActiveCfg = Debug|Any CPU
		{D5BB22D0-2025-4BB7-995B-A54A8C20F9BA}.Debug|Any CPU.Build.0 = Debug|Any CPU
		{D5BB22D0-2025-4BB7-995B-A54A8C20F9BA}.Debug|x64.ActiveCfg = Debug|Any CPU
		{D5BB22D0-2025-4BB7-995B-A54A8C20F9BA}.Debug|x64.Build.0 = Debug|Any CPU
		{D5BB22D0-2025-4BB7-995B-A54A8C20F9BA}.Debug|x86.ActiveCfg = Debug|Any CPU
		{D5BB22D0-2025-4BB7-995B-A54A8C20F9BA}.Debug|x86.Build.0 = Debug|Any CPU
		{D5BB22D0-2025-4BB7-995B-A54A8C20F9BA}.Release|Any CPU.ActiveCfg = Release|Any CPU
		{D5BB22D0-2025-4BB7-995B-A54A8C20F9BA}.Release|Any CPU.Build.0 = Release|Any CPU
		{D5BB22D0-2025-4BB7-995B-A54A8C20F9BA}.Release|x64.ActiveCfg = Release|Any CPU
		{D5BB22D0-2025-4BB7-995B-A54A8C20F9BA}.Release|x64.Build.0 = Release|Any CPU
		{D5BB22D0-2025-4BB7-995B-A54A8C20F9BA}.Release|x86.ActiveCfg = Release|Any CPU
		{D5BB22D0-2025-4BB7-995B-A54A8C20F9BA}.Release|x86.Build.0 = Release|Any CPU
		{C45CBDDF-6113-4807-87BE-A83A7E9C828D}.Debug|Any CPU.ActiveCfg = Debug|Any CPU
		{C45CBDDF-6113-4807-87BE-A83A7E9C828D}.Debug|Any CPU.Build.0 = Debug|Any CPU
		{C45CBDDF-6113-4807-87BE-A83A7E9C828D}.Debug|x64.ActiveCfg = Debug|Any CPU
		{C45CBDDF-6113-4807-87BE-A83A7E9C828D}.Debug|x64.Build.0 = Debug|Any CPU
		{C45CBDDF-6113-4807-87BE-A83A7E9C828D}.Debug|x86.ActiveCfg = Debug|Any CPU
		{C45CBDDF-6113-4807-87BE-A83A7E9C828D}.Debug|x86.Build.0 = Debug|Any CPU
		{C45CBDDF-6113-4807-87BE-A83A7E9C828D}.Release|Any CPU.ActiveCfg = Release|Any CPU
		{C45CBDDF-6113-4807-87BE-A83A7E9C828D}.Release|Any CPU.Build.0 = Release|Any CPU
		{C45CBDDF-6113-4807-87BE-A83A7E9C828D}.Release|x64.ActiveCfg = Release|Any CPU
		{C45CBDDF-6113-4807-87BE-A83A7E9C828D}.Release|x64.Build.0 = Release|Any CPU
		{C45CBDDF-6113-4807-87BE-A83A7E9C828D}.Release|x86.ActiveCfg = Release|Any CPU
		{C45CBDDF-6113-4807-87BE-A83A7E9C828D}.Release|x86.Build.0 = Release|Any CPU
	EndGlobalSection
	GlobalSection(SolutionProperties) = preSolution
		HideSolutionNode = FALSE
	EndGlobalSection
EndGlobal
